{
  "object": {
    "pins": [
      {
        "package": "Bluetooth",
        "repositoryURL": "https://github.com/PureSwift/Bluetooth.git",
        "state": {
          "branch": "master",
          "revision": "e6299aae7a3047b2683a39e58f2e79f307b2e05a",
          "version": null
        }
      },
      {
        "package": "BluetoothDarwin",
        "repositoryURL": "https://github.com/PureSwift/BluetoothDarwin.git",
        "state": {
          "branch": "master",
          "revision": "d6c1eb2c2433efdf621aa8fc2d11d271261ca752",
          "version": null
        }
      },
      {
        "package": "BluetoothLinux",
        "repositoryURL": "https://github.com/PureSwift/BluetoothLinux.git",
        "state": {
          "branch": "master",
          "revision": "52078ccc6928c8f3e7712bbda052f4a927a2e5ad",
          "version": null
        }
      },
      {
        "package": "CryptoSwift",
        "repositoryURL": "https://github.com/krzyzanowskim/CryptoSwift",
        "state": {
          "branch": "master",
          "revision": "39f08ac5269361a50c08ce1e2f41989bfc4b1ec8",
          "version": null
        }
      },
      {
        "package": "GATT",
        "repositoryURL": "https://github.com/PureSwift/GATT.git",
        "state": {
          "branch": "master",
          "revision": "955a19b2030e08666154f2ee52d7955f56bb6ff5",
          "version": null
        }
      },
      {
        "package": "MPPSolar",
        "repositoryURL": "https://github.com/MillerTechnologyPeru/MPPSolar.git",
        "state": {
          "branch": "master",
          "revision": "5f39ec93512b9159e9d9be894fd14fbb09ce4eb4",
          "version": null
        }
      },
      {
        "package": "Predicate",
        "repositoryURL": "https://github.com/PureSwift/Predicate.git",
        "state": {
          "branch": "master",
          "revision": "b73a38e2ad204da095e3cca9069c10dc11d3c768",
          "version": null
        }
      },
      {
        "package": "swift-argument-parser",
        "repositoryURL": "https://github.com/apple/swift-argument-parser",
        "state": {
          "branch": null,
          "revision": "9f04d1ff1afbccd02279338a2c91e5f27c45e93a",
          "version": "0.0.5"
        }
      },
      {
        "package": "SwiftyGPIO",
        "repositoryURL": "https://github.com/uraimo/SwiftyGPIO.git",
        "state": {
          "branch": "master",
          "revision": "9809ccab783a62ee607d9992ad0a87cb05531ef6",
          "version": null
        }
      },
      {
        "package": "TLVCoding",
        "repositoryURL": "https://github.com/PureSwift/TLVCoding.git",
        "state": {
          "branch": "master",
          "revision": "0ecdc45f61d98e3adcc55011f84335861fa5599d",
          "version": null
        }
      }
    ]
  },
  "version": 1
}
